
Microsoft Visual Studio Solution File, Format Version 12.00
# Visual Studio Version 17
VisualStudioVersion = 17.4.33403.182
MinimumVisualStudioVersion = 10.0.40219.1
Project("{FAE04EC0-301F-11D3-BF4B-00C04F79EFBC}") = "PaymentTransactionsService", "PaymentTransactionsServie\PaymentTransactionsService.csproj", "{21BB0617-6677-40FE-BE52-44B540485E8A}"
EndProject
Global
	GlobalSection(SolutionConfigurationPlatforms) = preSolution
		Debug|Any CPU = Debug|Any CPU
		Release|Any CPU = Release|Any CPU
	EndGlobalSection
	GlobalSection(ProjectConfigurationPlatforms) = postSolution
		{21BB0617-6677-40FE-BE52-44B540485E8A}.Debug|Any CPU.ActiveCfg = Debug|Any CPU
		{21BB0617-6677-40FE-BE52-44B540485E8A}.Debug|Any CPU.Build.0 = Debug|Any CPU
		{21BB0617-6677-40FE-BE52-44B540485E8A}.Release|Any CPU.ActiveCfg = Release|Any CPU
		{21BB0617-6677-40FE-BE52-44B540485E8A}.Release|Any CPU.Build.0 = Release|Any CPU
	EndGlobalSection
	GlobalSection(SolutionProperties) = preSolution
		HideSolutionNode = FALSE
	EndGlobalSection
	GlobalSection(ExtensibilityGlobals) = postSolution
		SolutionGuid = {5DCCB0EC-5DD5-41E9-9C86-ADE3452C860E}
	EndGlobalSection
EndGlobal
